{
  "requires": true,
  "lockfileVersion": 1,
  "dependencies": {
    "sweetalert2": {
      "version": "10.14.1",
      "resolved": "https://registry.npmjs.org/sweetalert2/-/sweetalert2-10.14.1.tgz",
      "integrity": "sha512-DI0XsgWSvcMxf58m5FoME9UCPiI5MV+ms819+d5Xly6Z1HvQaQ4sASrcA915g+ow1lsYUnfQLtByqIiosEGd/Q=="
    }
  }
}
